
Microsoft Visual Studio Solution File, Format Version 12.00
# Visual Studio Version 17
VisualStudioVersion = 17.0.32112.339
MinimumVisualStudioVersion = 10.0.40219.1
Project("{9A19103F-16F7-4668-BE54-9A1E7A4F7556}") = "Variables", "Variables\Variables.csproj", "{65391238-9D45-4374-BF03-7909810CB466}"
EndProject
Project("{9A19103F-16F7-4668-BE54-9A1E7A4F7556}") = "Operators", "Operators\Operators.csproj", "{FE82AFFC-D6F3-4BFF-9A62-9AD7FFD9DB9D}"
EndProject
Project("{9A19103F-16F7-4668-BE54-9A1E7A4F7556}") = "TypeCasting", "TypeCasting\TypeCasting.csproj", "{0A4E3B42-48BA-4E6D-975C-74AD1D14F544}"
EndProject
Project("{9A19103F-16F7-4668-BE54-9A1E7A4F7556}") = "TypeConvert", "TypeConvert\TypeConvert.csproj", "{F8342091-6807-403D-96E4-543AA0A592C8}"
EndProject
Project("{9A19103F-16F7-4668-BE54-9A1E7A4F7556}") = "ConvertApp", "ConvertApp\ConvertApp.csproj", "{9E9E5529-922A-4AC7-B1A8-F1D8F82FB9C8}"
EndProject
Project("{9A19103F-16F7-4668-BE54-9A1E7A4F7556}") = "Conditions_if", "Conditions_if\Conditions_if.csproj", "{89801003-C9A2-421F-A414-9A47717366ED}"
EndProject
Project("{9A19103F-16F7-4668-BE54-9A1E7A4F7556}") = "Condition_if_else", "Condition_if_else\Condition_if_else.csproj", "{DB988E8A-6653-4E98-B6D2-2887E83380B2}"
EndProject
Project("{9A19103F-16F7-4668-BE54-9A1E7A4F7556}") = "Condition_if_elseif_else", "Condition_if_elseif_else\Condition_if_elseif_else.csproj", "{C3D6C258-3B91-4637-B800-0C882885668F}"
EndProject
Project("{9A19103F-16F7-4668-BE54-9A1E7A4F7556}") = "Condition_if_app1", "Condition_if_app1\Condition_if_app1.csproj", "{6F52B8E8-0DD8-45CE-89CB-83DC4B767471}"
EndProject
Project("{9A19103F-16F7-4668-BE54-9A1E7A4F7556}") = "Condition_if_app2", "Condition_if_app2\Condition_if_app2.csproj", "{A2DE284A-2607-43D7-AEF4-FA1BCA63F87D}"
EndProject
Project("{9A19103F-16F7-4668-BE54-9A1E7A4F7556}") = "Condition_switchCase", "Condition_switchCase\Condition_switchCase.csproj", "{27C7D577-CD66-4178-A567-3F3C19CE55FB}"
EndProject
Project("{9A19103F-16F7-4668-BE54-9A1E7A4F7556}") = "Condition_switchCase_app1", "Condition_switchCase_app1\Condition_switchCase_app1.csproj", "{7FE54404-22C5-4FFE-86F8-D2439161093A}"
EndProject
Project("{9A19103F-16F7-4668-BE54-9A1E7A4F7556}") = "Loops(Dongu)_For", "Loops(Dongu)_For\Loops(Dongu)_For.csproj", "{9716655F-202C-438B-8F1E-4BC0D5B6DF81}"
EndProject
Project("{9A19103F-16F7-4668-BE54-9A1E7A4F7556}") = "Loops_App1", "Loops_App1\Loops_App1.csproj", "{BDCAFD00-BFF3-48BA-AC35-A88B47BB4B59}"
EndProject
Project("{9A19103F-16F7-4668-BE54-9A1E7A4F7556}") = "Loops_App2", "Loops_App2\Loops_App2.csproj", "{3189B6EF-3DBF-43AE-9FA1-5EFA4F1F179D}"
EndProject
Project("{9A19103F-16F7-4668-BE54-9A1E7A4F7556}") = "Loops_App3", "Loops_App3\Loops_App3.csproj", "{D304A596-7674-4872-81C1-DD577CEF8EEA}"
EndProject
Project("{9A19103F-16F7-4668-BE54-9A1E7A4F7556}") = "Loops_App4", "Loops_App4\Loops_App4.csproj", "{48CAD4AC-1080-49B3-A7F7-7A6A9410DADA}"
EndProject
Project("{9A19103F-16F7-4668-BE54-9A1E7A4F7556}") = "Loops_App5", "Loops_App5\Loops_App5.csproj", "{9A5364E9-066E-4124-AC6B-E51358F2CDEC}"
EndProject
Project("{9A19103F-16F7-4668-BE54-9A1E7A4F7556}") = "Arrays_1", "Arrays_1\Arrays_1.csproj", "{A0484D80-57BE-4A93-93F8-4C2F515A3A49}"
EndProject
Project("{9A19103F-16F7-4668-BE54-9A1E7A4F7556}") = "Arrays2", "Arrays2\Arrays2.csproj", "{0788A791-03CD-4E8D-8B68-FD664E28197B}"
EndProject
Project("{9A19103F-16F7-4668-BE54-9A1E7A4F7556}") = "Arrays_3", "Arrays_3\Arrays_3.csproj", "{4F06D7F5-D254-4472-A59C-2201C7FF8F0E}"
EndProject
Project("{9A19103F-16F7-4668-BE54-9A1E7A4F7556}") = "Arrays_4", "Arrays_4\Arrays_4.csproj", "{29CD1E5B-0ED3-4AD9-8CEF-FAD1462698EB}"
EndProject
Project("{9A19103F-16F7-4668-BE54-9A1E7A4F7556}") = "Arrays_5", "Arrays_5\Arrays_5.csproj", "{5BDBBC0E-1942-4A1E-9CDF-BD2F4BB79389}"
EndProject
Project("{9A19103F-16F7-4668-BE54-9A1E7A4F7556}") = "Arrays_6", "Arrays_6\Arrays_6.csproj", "{2EDA228E-EBDD-4ACD-9CE6-68A9C0A4C278}"
EndProject
Project("{9A19103F-16F7-4668-BE54-9A1E7A4F7556}") = "Arrays_7_Ornek", "Arrays_7_Ornek\Arrays_7_Ornek.csproj", "{F3FF4725-9EDB-49FC-98CA-A5B1000F1585}"
EndProject
Project("{FAE04EC0-301F-11D3-BF4B-00C04F79EFBC}") = "Arrays_8_Ornek", "Arrays_8_Ornek\Arrays_8_Ornek.csproj", "{0BF20FA9-6D7D-48D7-9D1B-722AB09DA0BD}"
EndProject
Project("{FAE04EC0-301F-11D3-BF4B-00C04F79EFBC}") = "Arrays_9_Ornek", "Arrays_9_Ornek\Arrays_9_Ornek.csproj", "{FEC3C7CF-701D-4A16-8961-9405E98D8E11}"
EndProject
Global
	GlobalSection(SolutionConfigurationPlatforms) = preSolution
		Debug|Any CPU = Debug|Any CPU
		Release|Any CPU = Release|Any CPU
	EndGlobalSection
	GlobalSection(ProjectConfigurationPlatforms) = postSolution
		{65391238-9D45-4374-BF03-7909810CB466}.Debug|Any CPU.ActiveCfg = Debug|Any CPU
		{65391238-9D45-4374-BF03-7909810CB466}.Debug|Any CPU.Build.0 = Debug|Any CPU
		{65391238-9D45-4374-BF03-7909810CB466}.Release|Any CPU.ActiveCfg = Release|Any CPU
		{65391238-9D45-4374-BF03-7909810CB466}.Release|Any CPU.Build.0 = Release|Any CPU
		{FE82AFFC-D6F3-4BFF-9A62-9AD7FFD9DB9D}.Debug|Any CPU.ActiveCfg = Debug|Any CPU
		{FE82AFFC-D6F3-4BFF-9A62-9AD7FFD9DB9D}.Debug|Any CPU.Build.0 = Debug|Any CPU
		{FE82AFFC-D6F3-4BFF-9A62-9AD7FFD9DB9D}.Release|Any CPU.ActiveCfg = Release|Any CPU
		{FE82AFFC-D6F3-4BFF-9A62-9AD7FFD9DB9D}.Release|Any CPU.Build.0 = Release|Any CPU
		{0A4E3B42-48BA-4E6D-975C-74AD1D14F544}.Debug|Any CPU.ActiveCfg = Debug|Any CPU
		{0A4E3B42-48BA-4E6D-975C-74AD1D14F544}.Debug|Any CPU.Build.0 = Debug|Any CPU
		{0A4E3B42-48BA-4E6D-975C-74AD1D14F544}.Release|Any CPU.ActiveCfg = Release|Any CPU
		{0A4E3B42-48BA-4E6D-975C-74AD1D14F544}.Release|Any CPU.Build.0 = Release|Any CPU
		{F8342091-6807-403D-96E4-543AA0A592C8}.Debug|Any CPU.ActiveCfg = Debug|Any CPU
		{F8342091-6807-403D-96E4-543AA0A592C8}.Debug|Any CPU.Build.0 = Debug|Any CPU
		{F8342091-6807-403D-96E4-543AA0A592C8}.Release|Any CPU.ActiveCfg = Release|Any CPU
		{F8342091-6807-403D-96E4-543AA0A592C8}.Release|Any CPU.Build.0 = Release|Any CPU
		{9E9E5529-922A-4AC7-B1A8-F1D8F82FB9C8}.Debug|Any CPU.ActiveCfg = Debug|Any CPU
		{9E9E5529-922A-4AC7-B1A8-F1D8F82FB9C8}.Debug|Any CPU.Build.0 = Debug|Any CPU
		{9E9E5529-922A-4AC7-B1A8-F1D8F82FB9C8}.Release|Any CPU.ActiveCfg = Release|Any CPU
		{9E9E5529-922A-4AC7-B1A8-F1D8F82FB9C8}.Release|Any CPU.Build.0 = Release|Any CPU
		{89801003-C9A2-421F-A414-9A47717366ED}.Debug|Any CPU.ActiveCfg = Debug|Any CPU
		{89801003-C9A2-421F-A414-9A47717366ED}.Debug|Any CPU.Build.0 = Debug|Any CPU
		{89801003-C9A2-421F-A414-9A47717366ED}.Release|Any CPU.ActiveCfg = Release|Any CPU
		{89801003-C9A2-421F-A414-9A47717366ED}.Release|Any CPU.Build.0 = Release|Any CPU
		{DB988E8A-6653-4E98-B6D2-2887E83380B2}.Debug|Any CPU.ActiveCfg = Debug|Any CPU
		{DB988E8A-6653-4E98-B6D2-2887E83380B2}.Debug|Any CPU.Build.0 = Debug|Any CPU
		{DB988E8A-6653-4E98-B6D2-2887E83380B2}.Release|Any CPU.ActiveCfg = Release|Any CPU
		{DB988E8A-6653-4E98-B6D2-2887E83380B2}.Release|Any CPU.Build.0 = Release|Any CPU
		{C3D6C258-3B91-4637-B800-0C882885668F}.Debug|Any CPU.ActiveCfg = Debug|Any CPU
		{C3D6C258-3B91-4637-B800-0C882885668F}.Debug|Any CPU.Build.0 = Debug|Any CPU
		{C3D6C258-3B91-4637-B800-0C882885668F}.Release|Any CPU.ActiveCfg = Release|Any CPU
		{C3D6C258-3B91-4637-B800-0C882885668F}.Release|Any CPU.Build.0 = Release|Any CPU
		{6F52B8E8-0DD8-45CE-89CB-83DC4B767471}.Debug|Any CPU.ActiveCfg = Debug|Any CPU
		{6F52B8E8-0DD8-45CE-89CB-83DC4B767471}.Debug|Any CPU.Build.0 = Debug|Any CPU
		{6F52B8E8-0DD8-45CE-89CB-83DC4B767471}.Release|Any CPU.ActiveCfg = Release|Any CPU
		{6F52B8E8-0DD8-45CE-89CB-83DC4B767471}.Release|Any CPU.Build.0 = Release|Any CPU
		{A2DE284A-2607-43D7-AEF4-FA1BCA63F87D}.Debug|Any CPU.ActiveCfg = Debug|Any CPU
		{A2DE284A-2607-43D7-AEF4-FA1BCA63F87D}.Debug|Any CPU.Build.0 = Debug|Any CPU
		{A2DE284A-2607-43D7-AEF4-FA1BCA63F87D}.Release|Any CPU.ActiveCfg = Release|Any CPU
		{A2DE284A-2607-43D7-AEF4-FA1BCA63F87D}.Release|Any CPU.Build.0 = Release|Any CPU
		{27C7D577-CD66-4178-A567-3F3C19CE55FB}.Debug|Any CPU.ActiveCfg = Debug|Any CPU
		{27C7D577-CD66-4178-A567-3F3C19CE55FB}.Debug|Any CPU.Build.0 = Debug|Any CPU
		{27C7D577-CD66-4178-A567-3F3C19CE55FB}.Release|Any CPU.ActiveCfg = Release|Any CPU
		{27C7D577-CD66-4178-A567-3F3C19CE55FB}.Release|Any CPU.Build.0 = Release|Any CPU
		{7FE54404-22C5-4FFE-86F8-D2439161093A}.Debug|Any CPU.ActiveCfg = Debug|Any CPU
		{7FE54404-22C5-4FFE-86F8-D2439161093A}.Debug|Any CPU.Build.0 = Debug|Any CPU
		{7FE54404-22C5-4FFE-86F8-D2439161093A}.Release|Any CPU.ActiveCfg = Release|Any CPU
		{7FE54404-22C5-4FFE-86F8-D2439161093A}.Release|Any CPU.Build.0 = Release|Any CPU
		{9716655F-202C-438B-8F1E-4BC0D5B6DF81}.Debug|Any CPU.ActiveCfg = Debug|Any CPU
		{9716655F-202C-438B-8F1E-4BC0D5B6DF81}.Debug|Any CPU.Build.0 = Debug|Any CPU
		{9716655F-202C-438B-8F1E-4BC0D5B6DF81}.Release|Any CPU.ActiveCfg = Release|Any CPU
		{9716655F-202C-438B-8F1E-4BC0D5B6DF81}.Release|Any CPU.Build.0 = Release|Any CPU
		{BDCAFD00-BFF3-48BA-AC35-A88B47BB4B59}.Debug|Any CPU.ActiveCfg = Debug|Any CPU
		{BDCAFD00-BFF3-48BA-AC35-A88B47BB4B59}.Debug|Any CPU.Build.0 = Debug|Any CPU
		{BDCAFD00-BFF3-48BA-AC35-A88B47BB4B59}.Release|Any CPU.ActiveCfg = Release|Any CPU
		{BDCAFD00-BFF3-48BA-AC35-A88B47BB4B59}.Release|Any CPU.Build.0 = Release|Any CPU
		{3189B6EF-3DBF-43AE-9FA1-5EFA4F1F179D}.Debug|Any CPU.ActiveCfg = Debug|Any CPU
		{3189B6EF-3DBF-43AE-9FA1-5EFA4F1F179D}.Debug|Any CPU.Build.0 = Debug|Any CPU
		{3189B6EF-3DBF-43AE-9FA1-5EFA4F1F179D}.Release|Any CPU.ActiveCfg = Release|Any CPU
		{3189B6EF-3DBF-43AE-9FA1-5EFA4F1F179D}.Release|Any CPU.Build.0 = Release|Any CPU
		{D304A596-7674-4872-81C1-DD577CEF8EEA}.Debug|Any CPU.ActiveCfg = Debug|Any CPU
		{D304A596-7674-4872-81C1-DD577CEF8EEA}.Debug|Any CPU.Build.0 = Debug|Any CPU
		{D304A596-7674-4872-81C1-DD577CEF8EEA}.Release|Any CPU.ActiveCfg = Release|Any CPU
		{D304A596-7674-4872-81C1-DD577CEF8EEA}.Release|Any CPU.Build.0 = Release|Any CPU
		{48CAD4AC-1080-49B3-A7F7-7A6A9410DADA}.Debug|Any CPU.ActiveCfg = Debug|Any CPU
		{48CAD4AC-1080-49B3-A7F7-7A6A9410DADA}.Debug|Any CPU.Build.0 = Debug|Any CPU
		{48CAD4AC-1080-49B3-A7F7-7A6A9410DADA}.Release|Any CPU.ActiveCfg = Release|Any CPU
		{48CAD4AC-1080-49B3-A7F7-7A6A9410DADA}.Release|Any CPU.Build.0 = Release|Any CPU
		{9A5364E9-066E-4124-AC6B-E51358F2CDEC}.Debug|Any CPU.ActiveCfg = Debug|Any CPU
		{9A5364E9-066E-4124-AC6B-E51358F2CDEC}.Debug|Any CPU.Build.0 = Debug|Any CPU
		{9A5364E9-066E-4124-AC6B-E51358F2CDEC}.Release|Any CPU.ActiveCfg = Release|Any CPU
		{9A5364E9-066E-4124-AC6B-E51358F2CDEC}.Release|Any CPU.Build.0 = Release|Any CPU
		{A0484D80-57BE-4A93-93F8-4C2F515A3A49}.Debug|Any CPU.ActiveCfg = Debug|Any CPU
		{A0484D80-57BE-4A93-93F8-4C2F515A3A49}.Debug|Any CPU.Build.0 = Debug|Any CPU
		{A0484D80-57BE-4A93-93F8-4C2F515A3A49}.Release|Any CPU.ActiveCfg = Release|Any CPU
		{A0484D80-57BE-4A93-93F8-4C2F515A3A49}.Release|Any CPU.Build.0 = Release|Any CPU
		{0788A791-03CD-4E8D-8B68-FD664E28197B}.Debug|Any CPU.ActiveCfg = Debug|Any CPU
		{0788A791-03CD-4E8D-8B68-FD664E28197B}.Debug|Any CPU.Build.0 = Debug|Any CPU
		{0788A791-03CD-4E8D-8B68-FD664E28197B}.Release|Any CPU.ActiveCfg = Release|Any CPU
		{0788A791-03CD-4E8D-8B68-FD664E28197B}.Release|Any CPU.Build.0 = Release|Any CPU
		{4F06D7F5-D254-4472-A59C-2201C7FF8F0E}.Debug|Any CPU.ActiveCfg = Debug|Any CPU
		{4F06D7F5-D254-4472-A59C-2201C7FF8F0E}.Debug|Any CPU.Build.0 = Debug|Any CPU
		{4F06D7F5-D254-4472-A59C-2201C7FF8F0E}.Release|Any CPU.ActiveCfg = Release|Any CPU
		{4F06D7F5-D254-4472-A59C-2201C7FF8F0E}.Release|Any CPU.Build.0 = Release|Any CPU
		{29CD1E5B-0ED3-4AD9-8CEF-FAD1462698EB}.Debug|Any CPU.ActiveCfg = Debug|Any CPU
		{29CD1E5B-0ED3-4AD9-8CEF-FAD1462698EB}.Debug|Any CPU.Build.0 = Debug|Any CPU
		{29CD1E5B-0ED3-4AD9-8CEF-FAD1462698EB}.Release|Any CPU.ActiveCfg = Release|Any CPU
		{29CD1E5B-0ED3-4AD9-8CEF-FAD1462698EB}.Release|Any CPU.Build.0 = Release|Any CPU
		{5BDBBC0E-1942-4A1E-9CDF-BD2F4BB79389}.Debug|Any CPU.ActiveCfg = Debug|Any CPU
		{5BDBBC0E-1942-4A1E-9CDF-BD2F4BB79389}.Debug|Any CPU.Build.0 = Debug|Any CPU
		{5BDBBC0E-1942-4A1E-9CDF-BD2F4BB79389}.Release|Any CPU.ActiveCfg = Release|Any CPU
		{5BDBBC0E-1942-4A1E-9CDF-BD2F4BB79389}.Release|Any CPU.Build.0 = Release|Any CPU
		{2EDA228E-EBDD-4ACD-9CE6-68A9C0A4C278}.Debug|Any CPU.ActiveCfg = Debug|Any CPU
		{2EDA228E-EBDD-4ACD-9CE6-68A9C0A4C278}.Debug|Any CPU.Build.0 = Debug|Any CPU
		{2EDA228E-EBDD-4ACD-9CE6-68A9C0A4C278}.Release|Any CPU.ActiveCfg = Release|Any CPU
		{2EDA228E-EBDD-4ACD-9CE6-68A9C0A4C278}.Release|Any CPU.Build.0 = Release|Any CPU
		{F3FF4725-9EDB-49FC-98CA-A5B1000F1585}.Debug|Any CPU.ActiveCfg = Debug|Any CPU
		{F3FF4725-9EDB-49FC-98CA-A5B1000F1585}.Debug|Any CPU.Build.0 = Debug|Any CPU
		{F3FF4725-9EDB-49FC-98CA-A5B1000F1585}.Release|Any CPU.ActiveCfg = Release|Any CPU
		{F3FF4725-9EDB-49FC-98CA-A5B1000F1585}.Release|Any CPU.Build.0 = Release|Any CPU
		{0BF20FA9-6D7D-48D7-9D1B-722AB09DA0BD}.Debug|Any CPU.ActiveCfg = Debug|Any CPU
		{0BF20FA9-6D7D-48D7-9D1B-722AB09DA0BD}.Debug|Any CPU.Build.0 = Debug|Any CPU
		{0BF20FA9-6D7D-48D7-9D1B-722AB09DA0BD}.Release|Any CPU.ActiveCfg = Release|Any CPU
		{0BF20FA9-6D7D-48D7-9D1B-722AB09DA0BD}.Release|Any CPU.Build.0 = Release|Any CPU
		{FEC3C7CF-701D-4A16-8961-9405E98D8E11}.Debug|Any CPU.ActiveCfg = Debug|Any CPU
		{FEC3C7CF-701D-4A16-8961-9405E98D8E11}.Debug|Any CPU.Build.0 = Debug|Any CPU
		{FEC3C7CF-701D-4A16-8961-9405E98D8E11}.Release|Any CPU.ActiveCfg = Release|Any CPU
		{FEC3C7CF-701D-4A16-8961-9405E98D8E11}.Release|Any CPU.Build.0 = Release|Any CPU
	EndGlobalSection
	GlobalSection(SolutionProperties) = preSolution
		HideSolutionNode = FALSE
	EndGlobalSection
	GlobalSection(ExtensibilityGlobals) = postSolution
		SolutionGuid = {7FE01FD5-CD90-49F6-B70F-CDB98D0BCC4A}
	EndGlobalSection
EndGlobal
